
Microsoft Visual Studio Solution File, Format Version 12.00
# Visual Studio Version 17
VisualStudioVersion = 17.6.33815.320
MinimumVisualStudioVersion = 10.0.40219.1
Project("{FAE04EC0-301F-11D3-BF4B-00C04F79EFBC}") = "tasiapi", "tasiapi\tasiapi.csproj", "{139C014F-5A6B-4E6A-9095-3EB53C8B523F}"
EndProject
Global
	GlobalSection(SolutionConfigurationPlatforms) = preSolution
		Debug|Any CPU = Debug|Any CPU
		Release|Any CPU = Release|Any CPU
	EndGlobalSection
	GlobalSection(ProjectConfigurationPlatforms) = postSolution
		{139C014F-5A6B-4E6A-9095-3EB53C8B523F}.Debug|Any CPU.ActiveCfg = Debug|Any CPU
		{139C014F-5A6B-4E6A-9095-3EB53C8B523F}.Debug|Any CPU.Build.0 = Debug|Any CPU
		{139C014F-5A6B-4E6A-9095-3EB53C8B523F}.Release|Any CPU.ActiveCfg = Release|Any CPU
		{139C014F-5A6B-4E6A-9095-3EB53C8B523F}.Release|Any CPU.Build.0 = Release|Any CPU
	EndGlobalSection
	GlobalSection(SolutionProperties) = preSolution
		HideSolutionNode = FALSE
	EndGlobalSection
	GlobalSection(ExtensibilityGlobals) = postSolution
		SolutionGuid = {550E4736-AC6F-4D7A-8F3E-C7B023BDF287}
	EndGlobalSection
EndGlobal
